// !$*UTF8*$!
{
	archiveVersion = 1;
	classes = {
	};
	objectVersion = 46;
	objects = {

/* Begin PBXBuildFile section */
		7161E3671B51ED4D00C305BE /* main.m in Sources */ = {isa = PBXBuildFile; fileRef = 7161E3661B51ED4D00C305BE /* main.m */; };
		7161E36A1B51ED4D00C305BE /* AppDelegate.m in Sources */ = {isa = PBXBuildFile; fileRef = 7161E3691B51ED4D00C305BE /* AppDelegate.m */; };
		7161E36D1B51ED4D00C305BE /* ViewController.m in Sources */ = {isa = PBXBuildFile; fileRef = 7161E36C1B51ED4D00C305BE /* ViewController.m */; };
		7161E3701B51ED4D00C305BE /* Main.storyboard in Resources */ = {isa = PBXBuildFile; fileRef = 7161E36E1B51ED4D00C305BE /* Main.storyboard */; };
		7161E3721B51ED4D00C305BE /* Images.xcassets in Resources */ = {isa = PBXBuildFile; fileRef = 7161E3711B51ED4D00C305BE /* Images.xcassets */; };
		7161E3751B51ED4D00C305BE /* LaunchScreen.xib in Resources */ = {isa = PBXBuildFile; fileRef = 7161E3731B51ED4D00C305BE /* LaunchScreen.xib */; };
		7161E3811B51ED4D00C305BE /* ClockTests.m in Sources */ = {isa = PBXBuildFile; fileRef = 7161E3801B51ED4D00C305BE /* ClockTests.m */; };
		7161E38B1B51EE2D00C305BE /* 钟表.png in Resources */ = {isa = PBXBuildFile; fileRef = 7161E38A1B51EE2D00C305BE /* 钟表.png */; };
/* End PBXBuildFile section */

/* Begin PBXContainerItemProxy section */
		7161E37B1B51ED4D00C305BE /* PBXContainerItemProxy */ = {
			isa = PBXContainerItemProxy;
			containerPortal = 7161E3591B51ED4D00C305BE /* Project object */;
			proxyType = 1;
			remoteGlobalIDString = 7161E3601B51ED4D00C305BE;
			remoteInfo = Clock;
		};
/* End PBXContainerItemProxy section */

/* Begin PBXFileReference section */
		7161E3611B51ED4D00C305BE /* Clock.app */ = {isa = PBXFileReference; explicitFileType = wrapper.application; includeInIndex = 0; path = Clock.app; sourceTree = BUILT_PRODUCTS_DIR; };
		7161E3651B51ED4D00C305BE /* Info.plist */ = {isa = PBXFileReference; lastKnownFileType = text.plist.xml; path = Info.plist; sourceTree = "<group>"; };
		7161E3661B51ED4D00C305BE /* main.m */ = {isa = PBXFileReference; lastKnownFileType = sourcecode.c.objc; path = main.m; sourceTree = "<group>"; };
		7161E3681B51ED4D00C305BE /* AppDelegate.h */ = {isa = PBXFileReference; lastKnownFileType = sourcecode.c.h; path = AppDelegate.h; sourceTree = "<group>"; };
		7161E3691B51ED4D00C305BE /* AppDelegate.m */ = {isa = PBXFileReference; lastKnownFileType = sourcecode.c.objc; path = AppDelegate.m; sourceTree = "<group>"; };
		7161E36B1B51ED4D00C305BE /* ViewController.h */ = {isa = PBXFileReference; lastKnownFileType = sourcecode.c.h; path = ViewController.h; sourceTree = "<group>"; };
		7161E36C1B51ED4D00C305BE /* ViewController.m */ = {isa = PBXFileReference; lastKnownFileType = sourcecode.c.objc; path = ViewController.m; sourceTree = "<group>"; };
		7161E36F1B51ED4D00C305BE /* Base */ = {isa = PBXFileReference; lastKnownFileType = file.storyboard; name = Base; path = Base.lproj/Main.storyboard; sourceTree = "<group>"; };
		7161E3711B51ED4D00C305BE /* Images.xcassets */ = {isa = PBXFileReference; lastKnownFileType = folder.assetcatalog; path = Images.xcassets; sourceTree = "<group>"; };
		7161E3741B51ED4D00C305BE /* Base */ = {isa = PBXFileReference; lastKnownFileType = file.xib; name = Base; path = Base.lproj/LaunchScreen.xib; sourceTree = "<group>"; };
		7161E37A1B51ED4D00C305BE /* ClockTests.xctest */ = {isa = PBXFileReference; explicitFileType = wrapper.cfbundle; includeInIndex = 0; path = ClockTests.xctest; sourceTree = BUILT_PRODUCTS_DIR; };
		7161E37F1B51ED4D00C305BE /* Info.plist */ = {isa = PBXFileReference; lastKnownFileType = text.plist.xml; path = Info.plist; sourceTree = "<group>"; };
		7161E3801B51ED4D00C305BE /* ClockTests.m */ = {isa = PBXFileReference; lastKnownFileType = sourcecode.c.objc; path = ClockTests.m; sourceTree = "<group>"; };
		7161E38A1B51EE2D00C305BE /* 钟表.png */ = {isa = PBXFileReference; lastKnownFileType = image.png; path = "钟表.png"; sourceTree = "<group>"; };
/* End PBXFileReference section */

/* Begin PBXFrameworksBuildPhase section */
		7161E35E1B51ED4D00C305BE /* Frameworks */ = {
			isa = PBXFrameworksBuildPhase;
			buildActionMask = 2147483647;
			files = (
			);
			runOnlyForDeploymentPostprocessing = 0;
		};
		7161E3771B51ED4D00C305BE /* Frameworks */ = {
			isa = PBXFrameworksBuildPhase;
			buildActionMask = 2147483647;
			files = (
			);
			runOnlyForDeploymentPostprocessing = 0;
		};
/* End PBXFrameworksBuildPhase section */

/* Begin PBXGroup section */
		7161E3581B51ED4D00C305BE = {
			isa = PBXGroup;
			children = (
				7161E3631B51ED4D00C305BE /* Clock */,
				7161E37D1B51ED4D00C305BE /* ClockTests */,
				7161E3621B51ED4D00C305BE /* Products */,
			);
			sourceTree = "<group>";
		};
		7161E3621B51ED4D00C305BE /* Products */ = {
			isa = PBXGroup;
			children = (
				7161E3611B51ED4D00C305BE /* Clock.app */,
				7161E37A1B51ED4D00C305BE /* ClockTests.xctest */,
			);
			name = Products;
			sourceTree = "<group>";
		};
		7161E3631B51ED4D00C305BE /* Clock */ = {
			isa = PBXGroup;
			children = (
				7161E3681B51ED4D00C305BE /* AppDelegate.h */,
				7161E3691B51ED4D00C305BE /* AppDelegate.m */,
				7161E36B1B51ED4D00C305BE /* ViewController.h */,
				7161E36C1B51ED4D00C305BE /* ViewController.m */,
				7161E36E1B51ED4D00C305BE /* Main.storyboard */,
				7161E3711B51ED4D00C305BE /* Images.xcassets */,
				7161E38A1B51EE2D00C305BE /* 钟表.png */,
				7161E3731B51ED4D00C305BE /* LaunchScreen.xib */,
				7161E3641B51ED4D00C305BE /* Supporting Files */,
			);
			path = Clock;
			sourceTree = "<group>";
		};
		7161E3641B51ED4D00C305BE /* Supporting Files */ = {
			isa = PBXGroup;
			children = (
				7161E3651B51ED4D00C305BE /* Info.plist */,
				7161E3661B51ED4D00C305BE /* main.m */,
			);
			name = "Supporting Files";
			sourceTree = "<group>";
		};
		7161E37D1B51ED4D00C305BE /* ClockTests */ = {
			isa = PBXGroup;
			children = (
				7161E3801B51ED4D00C305BE /* ClockTests.m */,
				7161E37E1B51ED4D00C305BE /* Supporting Files */,
			);
			path = ClockTests;
			sourceTree = "<group>";
		};
		7161E37E1B51ED4D00C305BE /* Supporting Files */ = {
			isa = PBXGroup;
			children = (
				7161E37F1B51ED4D00C305BE /* Info.plist */,
			);
			name = "Supporting Files";
			sourceTree = "<group>";
		};
/* End PBXGroup section */

/* Begin PBXNativeTarget section */
		7161E3601B51ED4D00C305BE /* Clock */ = {
			isa = PBXNativeTarget;
			buildConfigurationList = 7161E3841B51ED4D00C305BE /* Build configuration list for PBXNativeTarget "Clock" */;
			buildPhases = (
				7161E35D1B51ED4D00C305BE /* Sources */,
				7161E35E1B51ED4D00C305BE /* Frameworks */,
				7161E35F1B51ED4D00C305BE /* Resources */,
			);
			buildRules = (
			);
			dependencies = (
			);
			name = Clock;
			productName = Clock;
			productReference = 7161E3611B51ED4D00C305BE /* Clock.app */;
			productType = "com.apple.product-type.application";
		};
		7161E3791B51ED4D00C305BE /* ClockTests */ = {
			isa = PBXNativeTarget;
			buildConfigurationList = 7161E3871B51ED4D00C305BE /* Build configuration list for PBXNativeTarget "ClockTests" */;
			buildPhases = (
				7161E3761B51ED4D00C305BE /* Sources */,
				7161E3771B51ED4D00C305BE /* Frameworks */,
				7161E3781B51ED4D00C305BE /* Resources */,
			);
			buildRules = (
			);
			dependencies = (
				7161E37C1B51ED4D00C305BE /* PBXTargetDependency */,
			);
			name = ClockTests;
			productName = ClockTests;
			productReference = 7161E37A1B51ED4D00C305BE /* ClockTests.xctest */;
			productType = "com.apple.product-type.bundle.unit-test";
		};
/* End PBXNativeTarget section */

/* Begin PBXProject section */
		7161E3591B51ED4D00C305BE /* Project object */ = {
			isa = PBXProject;
			attributes = {
				LastUpgradeCheck = 0630;
				ORGANIZATIONNAME = boyu;
				TargetAttributes = {
					7161E3601B51ED4D00C305BE = {
						CreatedOnToolsVersion = 6.3.2;
					};
					7161E3791B51ED4D00C305BE = {
						CreatedOnToolsVersion = 6.3.2;
						TestTargetID = 7161E3601B51ED4D00C305BE;
					};
				};
			};
			buildConfigurationList = 7161E35C1B51ED4D00C305BE /* Build configuration list for PBXProject "Clock" */;
			compatibilityVersion = "Xcode 3.2";
			developmentRegion = English;
			hasScannedForEncodings = 0;
			knownRegions = (
				en,
				Base,
			);
			mainGroup = 7161E3581B51ED4D00C305BE;
			productRefGroup = 7161E3621B51ED4D00C305BE /* Products */;
			projectDirPath = "";
			projectRoot = "";
			targets = (
				7161E3601B51ED4D00C305BE /* Clock */,
				7161E3791B51ED4D00C305BE /* ClockTests */,
			);
		};
/* End PBXProject section */

/* Begin PBXResourcesBuildPhase section */
		7161E35F1B51ED4D00C305BE /* Resources */ = {
			isa = PBXResourcesBuildPhase;
			buildActionMask = 2147483647;
			files = (
				7161E38B1B51EE2D00C305BE /* 钟表.png in Resources */,
				7161E3701B51ED4D00C305BE /* Main.storyboard in Resources */,
				7161E3751B51ED4D00C305BE /* LaunchScreen.xib in Resources */,
				7161E3721B51ED4D00C305BE /* Images.xcassets in Resources */,
			);
			runOnlyForDeploymentPostprocessing = 0;
		};
		7161E3781B51ED4D00C305BE /* Resources */ = {
			isa = PBXResourcesBuildPhase;
			buildActionMask = 2147483647;
			files = (
			);
			runOnlyForDeploymentPostprocessing = 0;
		};
/* End PBXResourcesBuildPhase section */

/* Begin PBXSourcesBuildPhase section */
		7161E35D1B51ED4D00C305BE /* Sources */ = {
			isa = PBXSourcesBuildPhase;
			buildActionMask = 2147483647;
			files = (
				7161E36D1B51ED4D00C305BE /* ViewController.m in Sources */,
				7161E36A1B51ED4D00C305BE /* AppDelegate.m in Sources */,
				7161E3671B51ED4D00C305BE /* main.m in Sources */,
			);
			runOnlyForDeploymentPostprocessing = 0;
		};
		7161E3761B51ED4D00C305BE /* Sources */ = {
			isa = PBXSourcesBuildPhase;
			buildActionMask = 2147483647;
			files = (
				7161E3811B51ED4D00C305BE /* ClockTests.m in Sources */,
			);
			runOnlyForDeploymentPostprocessing = 0;
		};
/* End PBXSourcesBuildPhase section */

/* Begin PBXTargetDependency section */
		7161E37C1B51ED4D00C305BE /* PBXTargetDependency */ = {
			isa = PBXTargetDependency;
			target = 7161E3601B51ED4D00C305BE /* Clock */;
			targetProxy = 7161E37B1B51ED4D00C305BE /* PBXContainerItemProxy */;
		};
/* End PBXTargetDependency section */

/* Begin PBXVariantGroup section */
		7161E36E1B51ED4D00C305BE /* Main.storyboard */ = {
			isa = PBXVariantGroup;
			children = (
				7161E36F1B51ED4D00C305BE /* Base */,
			);
			name = Main.storyboard;
			sourceTree = "<group>";
		};
		7161E3731B51ED4D00C305BE /* LaunchScreen.xib */ = {
			isa = PBXVariantGroup;
			children = (
				7161E3741B51ED4D00C305BE /* Base */,
			);
			name = LaunchScreen.xib;
			sourceTree = "<group>";
		};
/* End PBXVariantGroup section */

/* Begin XCBuildConfiguration section */
		7161E3821B51ED4D00C305BE /* Debug */ = {
			isa = XCBuildConfiguration;
			buildSettings = {
				ALWAYS_SEARCH_USER_PATHS = NO;
				CLANG_CXX_LANGUAGE_STANDARD = "gnu++0x";
				CLANG_CXX_LIBRARY = "libc++";
				CLANG_ENABLE_MODULES = YES;
				CLANG_ENABLE_OBJC_ARC = YES;
				CLANG_WARN_BOOL_CONVERSION = YES;
				CLANG_WARN_CONSTANT_CONVERSION = YES;
				CLANG_WARN_DIRECT_OBJC_ISA_USAGE = YES_ERROR;
				CLANG_WARN_EMPTY_BODY = YES;
				CLANG_WARN_ENUM_CONVERSION = YES;
				CLANG_WARN_INT_CONVERSION = YES;
				CLANG_WARN_OBJC_ROOT_CLASS = YES_ERROR;
				CLANG_WARN_UNREACHABLE_CODE = YES;
				CLANG_WARN__DUPLICATE_METHOD_MATCH = YES;
				"CODE_SIGN_IDENTITY[sdk=iphoneos*]" = "iPhone Developer";
				COPY_PHASE_STRIP = NO;
				DEBUG_INFORMATION_FORMAT = "dwarf-with-dsym";
				ENABLE_STRICT_OBJC_MSGSEND = YES;
				GCC_C_LANGUAGE_STANDARD = gnu99;
				GCC_DYNAMIC_NO_PIC = NO;
				GCC_NO_COMMON_BLOCKS = YES;
				GCC_OPTIMIZATION_LEVEL = 0;
				GCC_PREPROCESSOR_DEFINITIONS = (
					"DEBUG=1",
					"$(inherited)",
				);
				GCC_SYMBOLS_PRIVATE_EXTERN = NO;
				GCC_WARN_64_TO_32_BIT_CONVERSION = YES;
				GCC_WARN_ABOUT_RETURN_TYPE = YES_ERROR;
				GCC_WARN_UNDECLARED_SELECTOR = YES;
				GCC_WARN_UNINITIALIZED_AUTOS = YES_AGGRESSIVE;
				GCC_WARN_UNUSED_FUNCTION = YES;
				GCC_WARN_UNUSED_VARIABLE = YES;
				IPHONEOS_DEPLOYMENT_TARGET = 8.3;
				MTL_ENABLE_DEBUG_INFO = YES;
				ONLY_ACTIVE_ARCH = YES;
				SDKROOT = iphoneos;
			};
			name = Debug;
		};
		7161E3831B51ED4D00C305BE /* Release */ = {
			isa = XCBuildConfiguration;
			buildSettings = {
				ALWAYS_SEARCH_USER_PATHS = NO;
				CLANG_CXX_LANGUAGE_STANDARD = "gnu++0x";
				CLANG_CXX_LIBRARY = "libc++";
				CLANG_ENABLE_MODULES = YES;
				CLANG_ENABLE_OBJC_ARC = YES;
				CLANG_WARN_BOOL_CONVERSION = YES;
				CLANG_WARN_CONSTANT_CONVERSION = YES;
				CLANG_WARN_DIRECT_OBJC_ISA_USAGE = YES_ERROR;
				CLANG_WARN_EMPTY_BODY = YES;
				CLANG_WARN_ENUM_CONVERSION = YES;
				CLANG_WARN_INT_CONVERSION = YES;
				CLANG_WARN_OBJC_ROOT_CLASS = YES_ERROR;
				CLANG_WARN_UNREACHABLE_CODE = YES;
				CLANG_WARN__DUPLICATE_METHOD_MATCH = YES;
				"CODE_SIGN_IDENTITY[sdk=iphoneos*]" = "iPhone Developer";
				COPY_PHASE_STRIP = NO;
				DEBUG_INFORMATION_FORMAT = "dwarf-with-dsym";
				ENABLE_NS_ASSERTIONS = NO;
				ENABLE_STRICT_OBJC_MSGSEND = YES;
				GCC_C_LANGUAGE_STANDARD = gnu99;
				GCC_NO_COMMON_BLOCKS = YES;
				GCC_WARN_64_TO_32_BIT_CONVERSION = YES;
				GCC_WARN_ABOUT_RETURN_TYPE = YES_ERROR;
				GCC_WARN_UNDECLARED_SELECTOR = YES;
				GCC_WARN_UNINITIALIZED_AUTOS = YES_AGGRESSIVE;
				GCC_WARN_UNUSED_FUNCTION = YES;
				GCC_WARN_UNUSED_VARIABLE = YES;
				IPHONEOS_DEPLOYMENT_TARGET = 8.3;
				MTL_ENABLE_DEBUG_INFO = NO;
				SDKROOT = iphoneos;
				VALIDATE_PRODUCT = YES;
			};
			name = Release;
		};
		7161E3851B51ED4D00C305BE /* Debug */ = {
			isa = XCBuildConfiguration;
			buildSettings = {
				ASSETCATALOG_COMPILER_APPICON_NAME = AppIcon;
				INFOPLIST_FILE = Clock/Info.plist;
				LD_RUNPATH_SEARCH_PATHS = "$(inherited) @executable_path/Frameworks";
				PRODUCT_NAME = "$(TARGET_NAME)";
			};
			name = Debug;
		};
		7161E3861B51ED4D00C305BE /* Release */ = {
			isa = XCBuildConfiguration;
			buildSettings = {
				ASSETCATALOG_COMPILER_APPICON_NAME = AppIcon;
				INFOPLIST_FILE = Clock/Info.plist;
				LD_RUNPATH_SEARCH_PATHS = "$(inherited) @executable_path/Frameworks";
				PRODUCT_NAME = "$(TARGET_NAME)";
			};
			name = Release;
		};
		7161E3881B51ED4D00C305BE /* Debug */ = {
			isa = XCBuildConfiguration;
			buildSettings = {
				BUNDLE_LOADER = "$(TEST_HOST)";
				FRAMEWORK_SEARCH_PATHS = (
					"$(SDKROOT)/Developer/Library/Frameworks",
					"$(inherited)",
				);
				GCC_PREPROCESSOR_DEFINITIONS = (
					"DEBUG=1",
					"$(inherited)",
				);
				INFOPLIST_FILE = ClockTests/Info.plist;
				LD_RUNPATH_SEARCH_PATHS = "$(inherited) @executable_path/Frameworks @loader_path/Frameworks";
				PRODUCT_NAME = "$(TARGET_NAME)";
				TEST_HOST = "$(BUILT_PRODUCTS_DIR)/Clock.app/Clock";
			};
			name = Debug;
		};
		7161E3891B51ED4D00C305BE /* Release */ = {
			isa = XCBuildConfiguration;
			buildSettings = {
				BUNDLE_LOADER = "$(TEST_HOST)";
				FRAMEWORK_SEARCH_PATHS = (
					"$(SDKROOT)/Developer/Library/Frameworks",
					"$(inherited)",
				);
				INFOPLIST_FILE = ClockTests/Info.plist;
				LD_RUNPATH_SEARCH_PATHS = "$(inherited) @executable_path/Frameworks @loader_path/Frameworks";
				PRODUCT_NAME = "$(TARGET_NAME)";
				TEST_HOST = "$(BUILT_PRODUCTS_DIR)/Clock.app/Clock";
			};
			name = Release;
		};
/* End XCBuildConfiguration section */

/* Begin XCConfigurationList section */
		7161E35C1B51ED4D00C305BE /* Build configuration list for PBXProject "Clock" */ = {
			isa = XCConfigurationList;
			buildConfigurations = (
				7161E3821B51ED4D00C305BE /* Debug */,
				7161E3831B51ED4D00C305BE /* Release */,
			);
			defaultConfigurationIsVisible = 0;
			defaultConfigurationName = Release;
		};
		7161E3841B51ED4D00C305BE /* Build configuration list for PBXNativeTarget "Clock" */ = {
			isa = XCConfigurationList;
			buildConfigurations = (
				7161E3851B51ED4D00C305BE /* Debug */,
				7161E3861B51ED4D00C305BE /* Release */,
			);
			defaultConfigurationIsVisible = 0;
		};
		7161E3871B51ED4D00C305BE /* Build configuration list for PBXNativeTarget "ClockTests" */ = {
			isa = XCConfigurationList;
			buildConfigurations = (
				7161E3881B51ED4D00C305BE /* Debug */,
				7161E3891B51ED4D00C305BE /* Release */,
			);
			defaultConfigurationIsVisible = 0;
		};
/* End XCConfigurationList section */
	};
	rootObject = 7161E3591B51ED4D00C305BE /* Project object */;
}
